
Microsoft Visual Studio Solution File, Format Version 12.00
# Visual Studio 15
VisualStudioVersion = 15.0.28307.1169
MinimumVisualStudioVersion = 10.0.40219.1
Project("{8BC9CEB8-8B4A-11D0-8D11-00A0C91BC942}") = "test3", "test3\test3.vcxproj", "{090D4FC0-1EAD-4A6E-8145-0E19648F139B}"
EndProject
Global
	GlobalSection(SolutionConfigurationPlatforms) = preSolution
		Debug|x64 = Debug|x64
		Debug|x86 = Debug|x86
		Release|x64 = Release|x64
		Release|x86 = Release|x86
	EndGlobalSection
	GlobalSection(ProjectConfigurationPlatforms) = postSolution
		{090D4FC0-1EAD-4A6E-8145-0E19648F139B}.Debug|x64.ActiveCfg = Debug|x64
		{090D4FC0-1EAD-4A6E-8145-0E19648F139B}.Debug|x64.Build.0 = Debug|x64
		{090D4FC0-1EAD-4A6E-8145-0E19648F139B}.Debug|x86.ActiveCfg = Debug|Win32
		{090D4FC0-1EAD-4A6E-8145-0E19648F139B}.Debug|x86.Build.0 = Debug|Win32
		{090D4FC0-1EAD-4A6E-8145-0E19648F139B}.Release|x64.ActiveCfg = Release|x64
		{090D4FC0-1EAD-4A6E-8145-0E19648F139B}.Release|x64.Build.0 = Release|x64
		{090D4FC0-1EAD-4A6E-8145-0E19648F139B}.Release|x86.ActiveCfg = Release|Win32
		{090D4FC0-1EAD-4A6E-8145-0E19648F139B}.Release|x86.Build.0 = Release|Win32
	EndGlobalSection
	GlobalSection(SolutionProperties) = preSolution
		HideSolutionNode = FALSE
	EndGlobalSection
	GlobalSection(ExtensibilityGlobals) = postSolution
		SolutionGuid = {45874742-140B-4FC5-8A83-F8045D2A42B0}
	EndGlobalSection
EndGlobal
